
Microsoft Visual Studio Solution File, Format Version 12.00
# Visual Studio Version 16
VisualStudioVersion = 16.0.32228.343
MinimumVisualStudioVersion = 10.0.40219.1
Project("{FAE04EC0-301F-11D3-BF4B-00C04F79EFBC}") = "App", "App\App.csproj", "{28775BC1-C392-4B73-BB4B-71E13B0DE10C}"
EndProject
Global
	GlobalSection(SolutionConfigurationPlatforms) = preSolution
		Debug|Any CPU = Debug|Any CPU
		Release|Any CPU = Release|Any CPU
	EndGlobalSection
	GlobalSection(ProjectConfigurationPlatforms) = postSolution
		{28775BC1-C392-4B73-BB4B-71E13B0DE10C}.Debug|Any CPU.ActiveCfg = Debug|Any CPU
		{28775BC1-C392-4B73-BB4B-71E13B0DE10C}.Debug|Any CPU.Build.0 = Debug|Any CPU
		{28775BC1-C392-4B73-BB4B-71E13B0DE10C}.Release|Any CPU.ActiveCfg = Release|Any CPU
		{28775BC1-C392-4B73-BB4B-71E13B0DE10C}.Release|Any CPU.Build.0 = Release|Any CPU
	EndGlobalSection
	GlobalSection(SolutionProperties) = preSolution
		HideSolutionNode = FALSE
	EndGlobalSection
	GlobalSection(ExtensibilityGlobals) = postSolution
		SolutionGuid = {08AA8BD4-9DC3-4C11-99D9-E523029203E1}
	EndGlobalSection
EndGlobal
